// !$*UTF8*$!
{
	archiveVersion = 1;
	classes = {
	};
	objectVersion = 56;
	objects = {

/* Begin PBXBuildFile section */
		BD5379F02A85279500E5D4FF /* aboutMeApp.swift in Sources */ = {isa = PBXBuildFile; fileRef = BD5379EF2A85279500E5D4FF /* aboutMeApp.swift */; };
		BD5379F22A85279500E5D4FF /* ContentView.swift in Sources */ = {isa = PBXBuildFile; fileRef = BD5379F12A85279500E5D4FF /* ContentView.swift */; };
		BD5379F42A85279800E5D4FF /* Assets.xcassets in Resources */ = {isa = PBXBuildFile; fileRef = BD5379F32A85279800E5D4FF /* Assets.xcassets */; };
		BD5379F72A85279800E5D4FF /* Preview Assets.xcassets in Resources */ = {isa = PBXBuildFile; fileRef = BD5379F62A85279800E5D4FF /* Preview Assets.xcassets */; };
		BD537A012A85279800E5D4FF /* aboutMeTests.swift in Sources */ = {isa = PBXBuildFile; fileRef = BD537A002A85279800E5D4FF /* aboutMeTests.swift */; };
		BD537A0B2A85279800E5D4FF /* aboutMeUITests.swift in Sources */ = {isa = PBXBuildFile; fileRef = BD537A0A2A85279800E5D4FF /* aboutMeUITests.swift */; };
		BD537A0D2A85279800E5D4FF /* aboutMeUITestsLaunchTests.swift in Sources */ = {isa = PBXBuildFile; fileRef = BD537A0C2A85279800E5D4FF /* aboutMeUITestsLaunchTests.swift */; };
/* End PBXBuildFile section */

/* Begin PBXContainerItemProxy section */
		BD5379FD2A85279800E5D4FF /* PBXContainerItemProxy */ = {
			isa = PBXContainerItemProxy;
			containerPortal = BD5379E42A85279500E5D4FF /* Project object */;
			proxyType = 1;
			remoteGlobalIDString = BD5379EB2A85279500E5D4FF;
			remoteInfo = aboutMe;
		};
		BD537A072A85279800E5D4FF /* PBXContainerItemProxy */ = {
			isa = PBXContainerItemProxy;
			containerPortal = BD5379E42A85279500E5D4FF /* Project object */;
			proxyType = 1;
			remoteGlobalIDString = BD5379EB2A85279500E5D4FF;
			remoteInfo = aboutMe;
		};
/* End PBXContainerItemProxy section */

/* Begin PBXFileReference section */
		BD5379EC2A85279500E5D4FF /* aboutMe.app */ = {isa = PBXFileReference; explicitFileType = wrapper.application; includeInIndex = 0; path = aboutMe.app; sourceTree = BUILT_PRODUCTS_DIR; };
		BD5379EF2A85279500E5D4FF /* aboutMeApp.swift */ = {isa = PBXFileReference; lastKnownFileType = sourcecode.swift; path = aboutMeApp.swift; sourceTree = "<group>"; };
		BD5379F12A85279500E5D4FF /* ContentView.swift */ = {isa = PBXFileReference; lastKnownFileType = sourcecode.swift; path = ContentView.swift; sourceTree = "<group>"; };
		BD5379F32A85279800E5D4FF /* Assets.xcassets */ = {isa = PBXFileReference; lastKnownFileType = folder.assetcatalog; path = Assets.xcassets; sourceTree = "<group>"; };
		BD5379F62A85279800E5D4FF /* Preview Assets.xcassets */ = {isa = PBXFileReference; lastKnownFileType = folder.assetcatalog; path = "Preview Assets.xcassets"; sourceTree = "<group>"; };
		BD5379FC2A85279800E5D4FF /* aboutMeTests.xctest */ = {isa = PBXFileReference; explicitFileType = wrapper.cfbundle; includeInIndex = 0; path = aboutMeTests.xctest; sourceTree = BUILT_PRODUCTS_DIR; };
		BD537A002A85279800E5D4FF /* aboutMeTests.swift */ = {isa = PBXFileReference; lastKnownFileType = sourcecode.swift; path = aboutMeTests.swift; sourceTree = "<group>"; };
		BD537A062A85279800E5D4FF /* aboutMeUITests.xctest */ = {isa = PBXFileReference; explicitFileType = wrapper.cfbundle; includeInIndex = 0; path = aboutMeUITests.xctest; sourceTree = BUILT_PRODUCTS_DIR; };
		BD537A0A2A85279800E5D4FF /* aboutMeUITests.swift */ = {isa = PBXFileReference; lastKnownFileType = sourcecode.swift; path = aboutMeUITests.swift; sourceTree = "<group>"; };
		BD537A0C2A85279800E5D4FF /* aboutMeUITestsLaunchTests.swift */ = {isa = PBXFileReference; lastKnownFileType = sourcecode.swift; path = aboutMeUITestsLaunchTests.swift; sourceTree = "<group>"; };
/* End PBXFileReference section */

/* Begin PBXFrameworksBuildPhase section */
		BD5379E92A85279500E5D4FF /* Frameworks */ = {
			isa = PBXFrameworksBuildPhase;
			buildActionMask = 2147483647;
			files = (
			);
			runOnlyForDeploymentPostprocessing = 0;
		};
		BD5379F92A85279800E5D4FF /* Frameworks */ = {
			isa = PBXFrameworksBuildPhase;
			buildActionMask = 2147483647;
			files = (
			);
			runOnlyForDeploymentPostprocessing = 0;
		};
		BD537A032A85279800E5D4FF /* Frameworks */ = {
			isa = PBXFrameworksBuildPhase;
			buildActionMask = 2147483647;
			files = (
			);
			runOnlyForDeploymentPostprocessing = 0;
		};
/* End PBXFrameworksBuildPhase section */

/* Begin PBXGroup section */
		BD5379E32A85279500E5D4FF = {
			isa = PBXGroup;
			children = (
				BD5379EE2A85279500E5D4FF /* aboutMe */,
				BD5379FF2A85279800E5D4FF /* aboutMeTests */,
				BD537A092A85279800E5D4FF /* aboutMeUITests */,
				BD5379ED2A85279500E5D4FF /* Products */,
			);
			sourceTree = "<group>";
		};
		BD5379ED2A85279500E5D4FF /* Products */ = {
			isa = PBXGroup;
			children = (
				BD5379EC2A85279500E5D4FF /* aboutMe.app */,
				BD5379FC2A85279800E5D4FF /* aboutMeTests.xctest */,
				BD537A062A85279800E5D4FF /* aboutMeUITests.xctest */,
			);
			name = Products;
			sourceTree = "<group>";
		};
		BD5379EE2A85279500E5D4FF /* aboutMe */ = {
			isa = PBXGroup;
			children = (
				BD5379EF2A85279500E5D4FF /* aboutMeApp.swift */,
				BD5379F12A85279500E5D4FF /* ContentView.swift */,
				BD5379F32A85279800E5D4FF /* Assets.xcassets */,
				BD5379F52A85279800E5D4FF /* Preview Content */,
			);
			path = aboutMe;
			sourceTree = "<group>";
		};
		BD5379F52A85279800E5D4FF /* Preview Content */ = {
			isa = PBXGroup;
			children = (
				BD5379F62A85279800E5D4FF /* Preview Assets.xcassets */,
			);
			path = "Preview Content";
			sourceTree = "<group>";
		};
		BD5379FF2A85279800E5D4FF /* aboutMeTests */ = {
			isa = PBXGroup;
			children = (
				BD537A002A85279800E5D4FF /* aboutMeTests.swift */,
			);
			path = aboutMeTests;
			sourceTree = "<group>";
		};
		BD537A092A85279800E5D4FF /* aboutMeUITests */ = {
			isa = PBXGroup;
			children = (
				BD537A0A2A85279800E5D4FF /* aboutMeUITests.swift */,
				BD537A0C2A85279800E5D4FF /* aboutMeUITestsLaunchTests.swift */,
			);
			path = aboutMeUITests;
			sourceTree = "<group>";
		};
/* End PBXGroup section */

/* Begin PBXNativeTarget section */
		BD5379EB2A85279500E5D4FF /* aboutMe */ = {
			isa = PBXNativeTarget;
			buildConfigurationList = BD537A102A85279800E5D4FF /* Build configuration list for PBXNativeTarget "aboutMe" */;
			buildPhases = (
				BD5379E82A85279500E5D4FF /* Sources */,
				BD5379E92A85279500E5D4FF /* Frameworks */,
				BD5379EA2A85279500E5D4FF /* Resources */,
			);
			buildRules = (
			);
			dependencies = (
			);
			name = aboutMe;
			productName = aboutMe;
			productReference = BD5379EC2A85279500E5D4FF /* aboutMe.app */;
			productType = "com.apple.product-type.application";
		};
		BD5379FB2A85279800E5D4FF /* aboutMeTests */ = {
			isa = PBXNativeTarget;
			buildConfigurationList = BD537A132A85279800E5D4FF /* Build configuration list for PBXNativeTarget "aboutMeTests" */;
			buildPhases = (
				BD5379F82A85279800E5D4FF /* Sources */,
				BD5379F92A85279800E5D4FF /* Frameworks */,
				BD5379FA2A85279800E5D4FF /* Resources */,
			);
			buildRules = (
			);
			dependencies = (
				BD5379FE2A85279800E5D4FF /* PBXTargetDependency */,
			);
			name = aboutMeTests;
			productName = aboutMeTests;
			productReference = BD5379FC2A85279800E5D4FF /* aboutMeTests.xctest */;
			productType = "com.apple.product-type.bundle.unit-test";
		};
		BD537A052A85279800E5D4FF /* aboutMeUITests */ = {
			isa = PBXNativeTarget;
			buildConfigurationList = BD537A162A85279800E5D4FF /* Build configuration list for PBXNativeTarget "aboutMeUITests" */;
			buildPhases = (
				BD537A022A85279800E5D4FF /* Sources */,
				BD537A032A85279800E5D4FF /* Frameworks */,
				BD537A042A85279800E5D4FF /* Resources */,
			);
			buildRules = (
			);
			dependencies = (
				BD537A082A85279800E5D4FF /* PBXTargetDependency */,
			);
			name = aboutMeUITests;
			productName = aboutMeUITests;
			productReference = BD537A062A85279800E5D4FF /* aboutMeUITests.xctest */;
			productType = "com.apple.product-type.bundle.ui-testing";
		};
/* End PBXNativeTarget section */

/* Begin PBXProject section */
		BD5379E42A85279500E5D4FF /* Project object */ = {
			isa = PBXProject;
			attributes = {
				BuildIndependentTargetsInParallel = 1;
				LastSwiftUpdateCheck = 1430;
				LastUpgradeCheck = 1430;
				TargetAttributes = {
					BD5379EB2A85279500E5D4FF = {
						CreatedOnToolsVersion = 14.3.1;
					};
					BD5379FB2A85279800E5D4FF = {
						CreatedOnToolsVersion = 14.3.1;
						TestTargetID = BD5379EB2A85279500E5D4FF;
					};
					BD537A052A85279800E5D4FF = {
						CreatedOnToolsVersion = 14.3.1;
						TestTargetID = BD5379EB2A85279500E5D4FF;
					};
				};
			};
			buildConfigurationList = BD5379E72A85279500E5D4FF /* Build configuration list for PBXProject "aboutMe" */;
			compatibilityVersion = "Xcode 14.0";
			developmentRegion = en;
			hasScannedForEncodings = 0;
			knownRegions = (
				en,
				Base,
			);
			mainGroup = BD5379E32A85279500E5D4FF;
			productRefGroup = BD5379ED2A85279500E5D4FF /* Products */;
			projectDirPath = "";
			projectRoot = "";
			targets = (
				BD5379EB2A85279500E5D4FF /* aboutMe */,
				BD5379FB2A85279800E5D4FF /* aboutMeTests */,
				BD537A052A85279800E5D4FF /* aboutMeUITests */,
			);
		};
/* End PBXProject section */

/* Begin PBXResourcesBuildPhase section */
		BD5379EA2A85279500E5D4FF /* Resources */ = {
			isa = PBXResourcesBuildPhase;
			buildActionMask = 2147483647;
			files = (
				BD5379F72A85279800E5D4FF /* Preview Assets.xcassets in Resources */,
				BD5379F42A85279800E5D4FF /* Assets.xcassets in Resources */,
			);
			runOnlyForDeploymentPostprocessing = 0;
		};
		BD5379FA2A85279800E5D4FF /* Resources */ = {
			isa = PBXResourcesBuildPhase;
			buildActionMask = 2147483647;
			files = (
			);
			runOnlyForDeploymentPostprocessing = 0;
		};
		BD537A042A85279800E5D4FF /* Resources */ = {
			isa = PBXResourcesBuildPhase;
			buildActionMask = 2147483647;
			files = (
			);
			runOnlyForDeploymentPostprocessing = 0;
		};
/* End PBXResourcesBuildPhase section */

/* Begin PBXSourcesBuildPhase section */
		BD5379E82A85279500E5D4FF /* Sources */ = {
			isa = PBXSourcesBuildPhase;
			buildActionMask = 2147483647;
			files = (
				BD5379F22A85279500E5D4FF /* ContentView.swift in Sources */,
				BD5379F02A85279500E5D4FF /* aboutMeApp.swift in Sources */,
			);
			runOnlyForDeploymentPostprocessing = 0;
		};
		BD5379F82A85279800E5D4FF /* Sources */ = {
			isa = PBXSourcesBuildPhase;
			buildActionMask = 2147483647;
			files = (
				BD537A012A85279800E5D4FF /* aboutMeTests.swift in Sources */,
			);
			runOnlyForDeploymentPostprocessing = 0;
		};
		BD537A022A85279800E5D4FF /* Sources */ = {
			isa = PBXSourcesBuildPhase;
			buildActionMask = 2147483647;
			files = (
				BD537A0D2A85279800E5D4FF /* aboutMeUITestsLaunchTests.swift in Sources */,
				BD537A0B2A85279800E5D4FF /* aboutMeUITests.swift in Sources */,
			);
			runOnlyForDeploymentPostprocessing = 0;
		};
/* End PBXSourcesBuildPhase section */

/* Begin PBXTargetDependency section */
		BD5379FE2A85279800E5D4FF /* PBXTargetDependency */ = {
			isa = PBXTargetDependency;
			target = BD5379EB2A85279500E5D4FF /* aboutMe */;
			targetProxy = BD5379FD2A85279800E5D4FF /* PBXContainerItemProxy */;
		};
		BD537A082A85279800E5D4FF /* PBXTargetDependency */ = {
			isa = PBXTargetDependency;
			target = BD5379EB2A85279500E5D4FF /* aboutMe */;
			targetProxy = BD537A072A85279800E5D4FF /* PBXContainerItemProxy */;
		};
/* End PBXTargetDependency section */

/* Begin XCBuildConfiguration section */
		BD537A0E2A85279800E5D4FF /* Debug */ = {
			isa = XCBuildConfiguration;
			buildSettings = {
				ALWAYS_SEARCH_USER_PATHS = NO;
				CLANG_ANALYZER_NONNULL = YES;
				CLANG_ANALYZER_NUMBER_OBJECT_CONVERSION = YES_AGGRESSIVE;
				CLANG_CXX_LANGUAGE_STANDARD = "gnu++20";
				CLANG_ENABLE_MODULES = YES;
				CLANG_ENABLE_OBJC_ARC = YES;
				CLANG_ENABLE_OBJC_WEAK = YES;
				CLANG_WARN_BLOCK_CAPTURE_AUTORELEASING = YES;
				CLANG_WARN_BOOL_CONVERSION = YES;
				CLANG_WARN_COMMA = YES;
				CLANG_WARN_CONSTANT_CONVERSION = YES;
				CLANG_WARN_DEPRECATED_OBJC_IMPLEMENTATIONS = YES;
				CLANG_WARN_DIRECT_OBJC_ISA_USAGE = YES_ERROR;
				CLANG_WARN_DOCUMENTATION_COMMENTS = YES;
				CLANG_WARN_EMPTY_BODY = YES;
				CLANG_WARN_ENUM_CONVERSION = YES;
				CLANG_WARN_INFINITE_RECURSION = YES;
				CLANG_WARN_INT_CONVERSION = YES;
				CLANG_WARN_NON_LITERAL_NULL_CONVERSION = YES;
				CLANG_WARN_OBJC_IMPLICIT_RETAIN_SELF = YES;
				CLANG_WARN_OBJC_LITERAL_CONVERSION = YES;
				CLANG_WARN_OBJC_ROOT_CLASS = YES_ERROR;
				CLANG_WARN_QUOTED_INCLUDE_IN_FRAMEWORK_HEADER = YES;
				CLANG_WARN_RANGE_LOOP_ANALYSIS = YES;
				CLANG_WARN_STRICT_PROTOTYPES = YES;
				CLANG_WARN_SUSPICIOUS_MOVE = YES;
				CLANG_WARN_UNGUARDED_AVAILABILITY = YES_AGGRESSIVE;
				CLANG_WARN_UNREACHABLE_CODE = YES;
				CLANG_WARN__DUPLICATE_METHOD_MATCH = YES;
				COPY_PHASE_STRIP = NO;
				DEBUG_INFORMATION_FORMAT = dwarf;
				ENABLE_STRICT_OBJC_MSGSEND = YES;
				ENABLE_TESTABILITY = YES;
				GCC_C_LANGUAGE_STANDARD = gnu11;
				GCC_DYNAMIC_NO_PIC = NO;
				GCC_NO_COMMON_BLOCKS = YES;
				GCC_OPTIMIZATION_LEVEL = 0;
				GCC_PREPROCESSOR_DEFINITIONS = (
					"DEBUG=1",
					"$(inherited)",
				);
				GCC_WARN_64_TO_32_BIT_CONVERSION = YES;
				GCC_WARN_ABOUT_RETURN_TYPE = YES_ERROR;
				GCC_WARN_UNDECLARED_SELECTOR = YES;
				GCC_WARN_UNINITIALIZED_AUTOS = YES_AGGRESSIVE;
				GCC_WARN_UNUSED_FUNCTION = YES;
				GCC_WARN_UNUSED_VARIABLE = YES;
				IPHONEOS_DEPLOYMENT_TARGET = 16.4;
				MTL_ENABLE_DEBUG_INFO = INCLUDE_SOURCE;
				MTL_FAST_MATH = YES;
				ONLY_ACTIVE_ARCH = YES;
				SDKROOT = iphoneos;
				SWIFT_ACTIVE_COMPILATION_CONDITIONS = DEBUG;
				SWIFT_OPTIMIZATION_LEVEL = "-Onone";
			};
			name = Debug;
		};
		BD537A0F2A85279800E5D4FF /* Release */ = {
			isa = XCBuildConfiguration;
			buildSettings = {
				ALWAYS_SEARCH_USER_PATHS = NO;
				CLANG_ANALYZER_NONNULL = YES;
				CLANG_ANALYZER_NUMBER_OBJECT_CONVERSION = YES_AGGRESSIVE;
				CLANG_CXX_LANGUAGE_STANDARD = "gnu++20";
				CLANG_ENABLE_MODULES = YES;
				CLANG_ENABLE_OBJC_ARC = YES;
				CLANG_ENABLE_OBJC_WEAK = YES;
				CLANG_WARN_BLOCK_CAPTURE_AUTORELEASING = YES;
				CLANG_WARN_BOOL_CONVERSION = YES;
				CLANG_WARN_COMMA = YES;
				CLANG_WARN_CONSTANT_CONVERSION = YES;
				CLANG_WARN_DEPRECATED_OBJC_IMPLEMENTATIONS = YES;
				CLANG_WARN_DIRECT_OBJC_ISA_USAGE = YES_ERROR;
				CLANG_WARN_DOCUMENTATION_COMMENTS = YES;
				CLANG_WARN_EMPTY_BODY = YES;
				CLANG_WARN_ENUM_CONVERSION = YES;
				CLANG_WARN_INFINITE_RECURSION = YES;
				CLANG_WARN_INT_CONVERSION = YES;
				CLANG_WARN_NON_LITERAL_NULL_CONVERSION = YES;
				CLANG_WARN_OBJC_IMPLICIT_RETAIN_SELF = YES;
				CLANG_WARN_OBJC_LITERAL_CONVERSION = YES;
				CLANG_WARN_OBJC_ROOT_CLASS = YES_ERROR;
				CLANG_WARN_QUOTED_INCLUDE_IN_FRAMEWORK_HEADER = YES;
				CLANG_WARN_RANGE_LOOP_ANALYSIS = YES;
				CLANG_WARN_STRICT_PROTOTYPES = YES;
				CLANG_WARN_SUSPICIOUS_MOVE = YES;
				CLANG_WARN_UNGUARDED_AVAILABILITY = YES_AGGRESSIVE;
				CLANG_WARN_UNREACHABLE_CODE = YES;
				CLANG_WARN__DUPLICATE_METHOD_MATCH = YES;
				COPY_PHASE_STRIP = NO;
				DEBUG_INFORMATION_FORMAT = "dwarf-with-dsym";
				ENABLE_NS_ASSERTIONS = NO;
				ENABLE_STRICT_OBJC_MSGSEND = YES;
				GCC_C_LANGUAGE_STANDARD = gnu11;
				GCC_NO_COMMON_BLOCKS = YES;
				GCC_WARN_64_TO_32_BIT_CONVERSION = YES;
				GCC_WARN_ABOUT_RETURN_TYPE = YES_ERROR;
				GCC_WARN_UNDECLARED_SELECTOR = YES;
				GCC_WARN_UNINITIALIZED_AUTOS = YES_AGGRESSIVE;
				GCC_WARN_UNUSED_FUNCTION = YES;
				GCC_WARN_UNUSED_VARIABLE = YES;
				IPHONEOS_DEPLOYMENT_TARGET = 16.4;
				MTL_ENABLE_DEBUG_INFO = NO;
				MTL_FAST_MATH = YES;
				SDKROOT = iphoneos;
				SWIFT_COMPILATION_MODE = wholemodule;
				SWIFT_OPTIMIZATION_LEVEL = "-O";
				VALIDATE_PRODUCT = YES;
			};
			name = Release;
		};
		BD537A112A85279800E5D4FF /* Debug */ = {
			isa = XCBuildConfiguration;
			buildSettings = {
				ASSETCATALOG_COMPILER_APPICON_NAME = AppIcon;
				ASSETCATALOG_COMPILER_GLOBAL_ACCENT_COLOR_NAME = AccentColor;
				CODE_SIGN_STYLE = Automatic;
				CURRENT_PROJECT_VERSION = 1;
				DEVELOPMENT_ASSET_PATHS = "\"aboutMe/Preview Content\"";
				ENABLE_PREVIEWS = YES;
				GENERATE_INFOPLIST_FILE = YES;
				INFOPLIST_KEY_UIApplicationSceneManifest_Generation = YES;
				INFOPLIST_KEY_UIApplicationSupportsIndirectInputEvents = YES;
				INFOPLIST_KEY_UILaunchScreen_Generation = YES;
				INFOPLIST_KEY_UISupportedInterfaceOrientations_iPad = "UIInterfaceOrientationPortrait UIInterfaceOrientationPortraitUpsideDown UIInterfaceOrientationLandscapeLeft UIInterfaceOrientationLandscapeRight";
				INFOPLIST_KEY_UISupportedInterfaceOrientations_iPhone = "UIInterfaceOrientationPortrait UIInterfaceOrientationLandscapeLeft UIInterfaceOrientationLandscapeRight";
				LD_RUNPATH_SEARCH_PATHS = (
					"$(inherited)",
					"@executable_path/Frameworks",
				);
				MARKETING_VERSION = 1.0;
				PRODUCT_BUNDLE_IDENTIFIER = kwk.aboutMe;
				PRODUCT_NAME = "$(TARGET_NAME)";
				SWIFT_EMIT_LOC_STRINGS = YES;
				SWIFT_VERSION = 5.0;
				TARGETED_DEVICE_FAMILY = "1,2";
			};
			name = Debug;
		};
		BD537A122A85279800E5D4FF /* Release */ = {
			isa = XCBuildConfiguration;
			buildSettings = {
				ASSETCATALOG_COMPILER_APPICON_NAME = AppIcon;
				ASSETCATALOG_COMPILER_GLOBAL_ACCENT_COLOR_NAME = AccentColor;
				CODE_SIGN_STYLE = Automatic;
				CURRENT_PROJECT_VERSION = 1;
				DEVELOPMENT_ASSET_PATHS = "\"aboutMe/Preview Content\"";
				ENABLE_PREVIEWS = YES;
				GENERATE_INFOPLIST_FILE = YES;
				INFOPLIST_KEY_UIApplicationSceneManifest_Generation = YES;
				INFOPLIST_KEY_UIApplicationSupportsIndirectInputEvents = YES;
				INFOPLIST_KEY_UILaunchScreen_Generation = YES;
				INFOPLIST_KEY_UISupportedInterfaceOrientations_iPad = "UIInterfaceOrientationPortrait UIInterfaceOrientationPortraitUpsideDown UIInterfaceOrientationLandscapeLeft UIInterfaceOrientationLandscapeRight";
				INFOPLIST_KEY_UISupportedInterfaceOrientations_iPhone = "UIInterfaceOrientationPortrait UIInterfaceOrientationLandscapeLeft UIInterfaceOrientationLandscapeRight";
				LD_RUNPATH_SEARCH_PATHS = (
					"$(inherited)",
					"@executable_path/Frameworks",
				);
				MARKETING_VERSION = 1.0;
				PRODUCT_BUNDLE_IDENTIFIER = kwk.aboutMe;
				PRODUCT_NAME = "$(TARGET_NAME)";
				SWIFT_EMIT_LOC_STRINGS = YES;
				SWIFT_VERSION = 5.0;
				TARGETED_DEVICE_FAMILY = "1,2";
			};
			name = Release;
		};
		BD537A142A85279800E5D4FF /* Debug */ = {
			isa = XCBuildConfiguration;
			buildSettings = {
				ALWAYS_EMBED_SWIFT_STANDARD_LIBRARIES = YES;
				BUNDLE_LOADER = "$(TEST_HOST)";
				CODE_SIGN_STYLE = Automatic;
				CURRENT_PROJECT_VERSION = 1;
				GENERATE_INFOPLIST_FILE = YES;
				IPHONEOS_DEPLOYMENT_TARGET = 16.4;
				MARKETING_VERSION = 1.0;
				PRODUCT_BUNDLE_IDENTIFIER = kwk.aboutMeTests;
				PRODUCT_NAME = "$(TARGET_NAME)";
				SWIFT_EMIT_LOC_STRINGS = NO;
				SWIFT_VERSION = 5.0;
				TARGETED_DEVICE_FAMILY = "1,2";
				TEST_HOST = "$(BUILT_PRODUCTS_DIR)/aboutMe.app/$(BUNDLE_EXECUTABLE_FOLDER_PATH)/aboutMe";
			};
			name = Debug;
		};
		BD537A152A85279800E5D4FF /* Release */ = {
			isa = XCBuildConfiguration;
			buildSettings = {
				ALWAYS_EMBED_SWIFT_STANDARD_LIBRARIES = YES;
				BUNDLE_LOADER = "$(TEST_HOST)";
				CODE_SIGN_STYLE = Automatic;
				CURRENT_PROJECT_VERSION = 1;
				GENERATE_INFOPLIST_FILE = YES;
				IPHONEOS_DEPLOYMENT_TARGET = 16.4;
				MARKETING_VERSION = 1.0;
				PRODUCT_BUNDLE_IDENTIFIER = kwk.aboutMeTests;
				PRODUCT_NAME = "$(TARGET_NAME)";
				SWIFT_EMIT_LOC_STRINGS = NO;
				SWIFT_VERSION = 5.0;
				TARGETED_DEVICE_FAMILY = "1,2";
				TEST_HOST = "$(BUILT_PRODUCTS_DIR)/aboutMe.app/$(BUNDLE_EXECUTABLE_FOLDER_PATH)/aboutMe";
			};
			name = Release;
		};
		BD537A172A85279800E5D4FF /* Debug */ = {
			isa = XCBuildConfiguration;
			buildSettings = {
				ALWAYS_EMBED_SWIFT_STANDARD_LIBRARIES = YES;
				CODE_SIGN_STYLE = Automatic;
				CURRENT_PROJECT_VERSION = 1;
				GENERATE_INFOPLIST_FILE = YES;
				MARKETING_VERSION = 1.0;
				PRODUCT_BUNDLE_IDENTIFIER = kwk.aboutMeUITests;
				PRODUCT_NAME = "$(TARGET_NAME)";
				SWIFT_EMIT_LOC_STRINGS = NO;
				SWIFT_VERSION = 5.0;
				TARGETED_DEVICE_FAMILY = "1,2";
				TEST_TARGET_NAME = aboutMe;
			};
			name = Debug;
		};
		BD537A182A85279800E5D4FF /* Release */ = {
			isa = XCBuildConfiguration;
			buildSettings = {
				ALWAYS_EMBED_SWIFT_STANDARD_LIBRARIES = YES;
				CODE_SIGN_STYLE = Automatic;
				CURRENT_PROJECT_VERSION = 1;
				GENERATE_INFOPLIST_FILE = YES;
				MARKETING_VERSION = 1.0;
				PRODUCT_BUNDLE_IDENTIFIER = kwk.aboutMeUITests;
				PRODUCT_NAME = "$(TARGET_NAME)";
				SWIFT_EMIT_LOC_STRINGS = NO;
				SWIFT_VERSION = 5.0;
				TARGETED_DEVICE_FAMILY = "1,2";
				TEST_TARGET_NAME = aboutMe;
			};
			name = Release;
		};
/* End XCBuildConfiguration section */

/* Begin XCConfigurationList section */
		BD5379E72A85279500E5D4FF /* Build configuration list for PBXProject "aboutMe" */ = {
			isa = XCConfigurationList;
			buildConfigurations = (
				BD537A0E2A85279800E5D4FF /* Debug */,
				BD537A0F2A85279800E5D4FF /* Release */,
			);
			defaultConfigurationIsVisible = 0;
			defaultConfigurationName = Release;
		};
		BD537A102A85279800E5D4FF /* Build configuration list for PBXNativeTarget "aboutMe" */ = {
			isa = XCConfigurationList;
			buildConfigurations = (
				BD537A112A85279800E5D4FF /* Debug */,
				BD537A122A85279800E5D4FF /* Release */,
			);
			defaultConfigurationIsVisible = 0;
			defaultConfigurationName = Release;
		};
		BD537A132A85279800E5D4FF /* Build configuration list for PBXNativeTarget "aboutMeTests" */ = {
			isa = XCConfigurationList;
			buildConfigurations = (
				BD537A142A85279800E5D4FF /* Debug */,
				BD537A152A85279800E5D4FF /* Release */,
			);
			defaultConfigurationIsVisible = 0;
			defaultConfigurationName = Release;
		};
		BD537A162A85279800E5D4FF /* Build configuration list for PBXNativeTarget "aboutMeUITests" */ = {
			isa = XCConfigurationList;
			buildConfigurations = (
				BD537A172A85279800E5D4FF /* Debug */,
				BD537A182A85279800E5D4FF /* Release */,
			);
			defaultConfigurationIsVisible = 0;
			defaultConfigurationName = Release;
		};
/* End XCConfigurationList section */
	};
	rootObject = BD5379E42A85279500E5D4FF /* Project object */;
}
